{
    "version": 3,
    "terraform_version": "0.11.2",
    "serial": 2,
    "lineage": "2636d7f0-b51a-4ec7-ba3a-66bb95be6296",
    "modules": [
        {
            "path": [
                "root"
            ],
            "outputs": {},
            "resources": {
                "aws_eip.tuto_eip": {
                    "type": "aws_eip",
                    "depends_on": [
                        "aws_internet_gateway.gw"
                    ],
                    "primary": {
                        "id": "eipalloc-162a032c",
                        "attributes": {
                            "association_id": "",
                            "domain": "vpc",
                            "id": "eipalloc-162a032c",
                            "instance": "",
                            "network_interface": "",
                            "private_ip": "",
                            "public_ip": "13.55.168.104",
                            "tags.%": "0",
                            "vpc": "true"
                        },
                        "meta": {},
                        "tainted": false
                    },
                    "deposed": [],
                    "provider": "provider.aws"
                },
                "aws_internet_gateway.gw": {
                    "type": "aws_internet_gateway",
                    "depends_on": [
                        "aws_vpc.vpc_tuto"
                    ],
                    "primary": {
                        "id": "igw-708f1e14",
                        "attributes": {
                            "id": "igw-708f1e14",
                            "tags.%": "1",
                            "tags.Name": "InternetGateway",
                            "vpc_id": "vpc-0f975f68"
                        },
                        "meta": {},
                        "tainted": false
                    },
                    "deposed": [],
                    "provider": "provider.aws"
                },
                "aws_nat_gateway.nat": {
                    "type": "aws_nat_gateway",
                    "depends_on": [
                        "aws_eip.tuto_eip",
                        "aws_internet_gateway.gw",
                        "aws_subnet.public_subnet_ap_southeast_2a"
                    ],
                    "primary": {
                        "id": "nat-077aac84c6d6a18ab",
                        "attributes": {
                            "allocation_id": "eipalloc-162a032c",
                            "id": "nat-077aac84c6d6a18ab",
                            "network_interface_id": "eni-34669d1e",
                            "private_ip": "172.31.1.249",
                            "public_ip": "13.55.168.104",
                            "subnet_id": "subnet-590c9c3e",
                            "tags.%": "0"
                        },
                        "meta": {},
                        "tainted": false
                    },
                    "deposed": [],
                    "provider": "provider.aws"
                },
                "aws_route.internet_access": {
                    "type": "aws_route",
                    "depends_on": [
                        "aws_internet_gateway.gw",
                        "aws_vpc.vpc_tuto"
                    ],
                    "primary": {
                        "id": "r-rtb-bde1a7da1080289494",
                        "attributes": {
                            "destination_cidr_block": "0.0.0.0/0",
                            "destination_prefix_list_id": "",
                            "egress_only_gateway_id": "",
                            "gateway_id": "igw-708f1e14",
                            "id": "r-rtb-bde1a7da1080289494",
                            "instance_id": "",
                            "instance_owner_id": "",
                            "nat_gateway_id": "",
                            "network_interface_id": "",
                            "origin": "CreateRoute",
                            "route_table_id": "rtb-bde1a7da",
                            "state": "active",
                            "vpc_peering_connection_id": ""
                        },
                        "meta": {},
                        "tainted": false
                    },
                    "deposed": [],
                    "provider": "provider.aws"
                },
                "aws_route.private_route": {
                    "type": "aws_route",
                    "depends_on": [
                        "aws_nat_gateway.nat",
                        "aws_route_table.private_route_table"
                    ],
                    "primary": {
                        "id": "r-rtb-98e3a5ff1080289494",
                        "attributes": {
                            "destination_cidr_block": "0.0.0.0/0",
                            "destination_prefix_list_id": "",
                            "egress_only_gateway_id": "",
                            "gateway_id": "",
                            "id": "r-rtb-98e3a5ff1080289494",
                            "instance_id": "",
                            "instance_owner_id": "",
                            "nat_gateway_id": "nat-077aac84c6d6a18ab",
                            "network_interface_id": "",
                            "origin": "CreateRoute",
                            "route_table_id": "rtb-98e3a5ff",
                            "state": "active",
                            "vpc_peering_connection_id": ""
                        },
                        "meta": {},
                        "tainted": false
                    },
                    "deposed": [],
                    "provider": "provider.aws"
                },
                "aws_route_table.private_route_table": {
                    "type": "aws_route_table",
                    "depends_on": [
                        "aws_vpc.vpc_tuto"
                    ],
                    "primary": {
                        "id": "rtb-98e3a5ff",
                        "attributes": {
                            "id": "rtb-98e3a5ff",
                            "propagating_vgws.#": "0",
                            "route.#": "0",
                            "tags.%": "1",
                            "tags.Name": "Private route table",
                            "vpc_id": "vpc-0f975f68"
                        },
                        "meta": {},
                        "tainted": false
                    },
                    "deposed": [],
                    "provider": "provider.aws"
                },
                "aws_route_table_association.private_1_subnet_ap_southeast_2a_association": {
                    "type": "aws_route_table_association",
                    "depends_on": [
                        "aws_route_table.private_route_table",
                        "aws_subnet.private_1_subnet_ap_southeast_2a"
                    ],
                    "primary": {
                        "id": "rtbassoc-9fc383f9",
                        "attributes": {
                            "id": "rtbassoc-9fc383f9",
                            "route_table_id": "rtb-98e3a5ff",
                            "subnet_id": "subnet-fc09999b"
                        },
                        "meta": {},
                        "tainted": false
                    },
                    "deposed": [],
                    "provider": "provider.aws"
                },
                "aws_route_table_association.private_2_subnet_ap_southeast_2a_associaiton": {
                    "type": "aws_route_table_association",
                    "depends_on": [
                        "aws_route_table.private_route_table",
                        "aws_subnet.private_2_subnet_ap_southeast_2a"
                    ],
                    "primary": {
                        "id": "rtbassoc-77bfff11",
                        "attributes": {
                            "id": "rtbassoc-77bfff11",
                            "route_table_id": "rtb-98e3a5ff",
                            "subnet_id": "subnet-e20b9b85"
                        },
                        "meta": {},
                        "tainted": false
                    },
                    "deposed": [],
                    "provider": "provider.aws"
                },
                "aws_route_table_association.public_subnet_ap_southeast_2a_association": {
                    "type": "aws_route_table_association",
                    "depends_on": [
                        "aws_subnet.public_subnet_ap_southeast_2a",
                        "aws_vpc.vpc_tuto"
                    ],
                    "primary": {
                        "id": "rtbassoc-3fc68659",
                        "attributes": {
                            "id": "rtbassoc-3fc68659",
                            "route_table_id": "rtb-bde1a7da",
                            "subnet_id": "subnet-590c9c3e"
                        },
                        "meta": {},
                        "tainted": false
                    },
                    "deposed": [],
                    "provider": "provider.aws"
                },
                "aws_subnet.private_1_subnet_ap_southeast_2a": {
                    "type": "aws_subnet",
                    "depends_on": [
                        "aws_vpc.vpc_tuto"
                    ],
                    "primary": {
                        "id": "subnet-fc09999b",
                        "attributes": {
                            "assign_ipv6_address_on_creation": "false",
                            "availability_zone": "ap-southeast-2a",
                            "cidr_block": "172.31.2.0/24",
                            "id": "subnet-fc09999b",
                            "map_public_ip_on_launch": "false",
                            "tags.%": "1",
                            "tags.Name": "Subnet private 1 az 2a",
                            "vpc_id": "vpc-0f975f68"
                        },
                        "meta": {
                            "schema_version": "1"
                        },
                        "tainted": false
                    },
                    "deposed": [],
                    "provider": "provider.aws"
                },
                "aws_subnet.private_2_subnet_ap_southeast_2a": {
                    "type": "aws_subnet",
                    "depends_on": [
                        "aws_vpc.vpc_tuto"
                    ],
                    "primary": {
                        "id": "subnet-e20b9b85",
                        "attributes": {
                            "assign_ipv6_address_on_creation": "false",
                            "availability_zone": "ap-southeast-2a",
                            "cidr_block": "172.31.3.0/24",
                            "id": "subnet-e20b9b85",
                            "map_public_ip_on_launch": "false",
                            "tags.%": "1",
                            "tags.Name": "Subnet private 2 az 2a",
                            "vpc_id": "vpc-0f975f68"
                        },
                        "meta": {
                            "schema_version": "1"
                        },
                        "tainted": false
                    },
                    "deposed": [],
                    "provider": "provider.aws"
                },
                "aws_subnet.public_subnet_ap_southeast_2a": {
                    "type": "aws_subnet",
                    "depends_on": [
                        "aws_vpc.vpc_tuto"
                    ],
                    "primary": {
                        "id": "subnet-590c9c3e",
                        "attributes": {
                            "assign_ipv6_address_on_creation": "false",
                            "availability_zone": "ap-southeast-2a",
                            "cidr_block": "172.31.1.0/24",
                            "id": "subnet-590c9c3e",
                            "map_public_ip_on_launch": "true",
                            "tags.%": "1",
                            "tags.Name": "Subnet az 2a",
                            "vpc_id": "vpc-0f975f68"
                        },
                        "meta": {
                            "schema_version": "1"
                        },
                        "tainted": false
                    },
                    "deposed": [],
                    "provider": "provider.aws"
                },
                "aws_vpc.vpc_tuto": {
                    "type": "aws_vpc",
                    "depends_on": [],
                    "primary": {
                        "id": "vpc-0f975f68",
                        "attributes": {
                            "assign_generated_ipv6_cidr_block": "false",
                            "cidr_block": "172.31.0.0/16",
                            "default_network_acl_id": "acl-f6761b91",
                            "default_route_table_id": "rtb-bde1a7da",
                            "default_security_group_id": "sg-971bf7ee",
                            "dhcp_options_id": "dopt-495f4d2b",
                            "enable_classiclink": "false",
                            "enable_classiclink_dns_support": "false",
                            "enable_dns_hostnames": "true",
                            "enable_dns_support": "true",
                            "id": "vpc-0f975f68",
                            "instance_tenancy": "default",
                            "main_route_table_id": "rtb-bde1a7da",
                            "tags.%": "1",
                            "tags.Name": "TestVPC"
                        },
                        "meta": {
                            "schema_version": "1"
                        },
                        "tainted": false
                    },
                    "deposed": [],
                    "provider": "provider.aws"
                }
            },
            "depends_on": []
        }
    ]
}
